
Microsoft Visual Studio Solution File, Format Version 11.00
# Visual Studio 2010
Project("{FAE04EC0-301F-11D3-BF4B-00C04F79EFBC}") = "Unity.XR.PicoXR", "Unity.XR.PicoXR.csproj", "{B234E984-8311-4410-DD70-694960393D00}"
EndProject
Project("{FAE04EC0-301F-11D3-BF4B-00C04F79EFBC}") = "Assembly-CSharp", "Assembly-CSharp.csproj", "{D0B25B1C-4734-940C-5C39-8832894FDB9F}"
EndProject
Project("{FAE04EC0-301F-11D3-BF4B-00C04F79EFBC}") = "Unity.XR.PicoXR.Editor", "Unity.XR.PicoXR.Editor.csproj", "{4CD26A23-9AAD-BC5D-669B-60CEB0A2D545}"
EndProject
Global
	GlobalSection(SolutionConfigurationPlatforms) = preSolution
		Debug|Any CPU = Debug|Any CPU
		Release|Any CPU = Release|Any CPU
	EndGlobalSection
	GlobalSection(ProjectConfigurationPlatforms) = postSolution
		{B234E984-8311-4410-DD70-694960393D00}.Debug|Any CPU.ActiveCfg = Debug|Any CPU
		{B234E984-8311-4410-DD70-694960393D00}.Debug|Any CPU.Build.0 = Debug|Any CPU
		{B234E984-8311-4410-DD70-694960393D00}.Release|Any CPU.ActiveCfg = Release|Any CPU
		{B234E984-8311-4410-DD70-694960393D00}.Release|Any CPU.Build.0 = Release|Any CPU
		{D0B25B1C-4734-940C-5C39-8832894FDB9F}.Debug|Any CPU.ActiveCfg = Debug|Any CPU
		{D0B25B1C-4734-940C-5C39-8832894FDB9F}.Debug|Any CPU.Build.0 = Debug|Any CPU
		{D0B25B1C-4734-940C-5C39-8832894FDB9F}.Release|Any CPU.ActiveCfg = Release|Any CPU
		{D0B25B1C-4734-940C-5C39-8832894FDB9F}.Release|Any CPU.Build.0 = Release|Any CPU
		{4CD26A23-9AAD-BC5D-669B-60CEB0A2D545}.Debug|Any CPU.ActiveCfg = Debug|Any CPU
		{4CD26A23-9AAD-BC5D-669B-60CEB0A2D545}.Debug|Any CPU.Build.0 = Debug|Any CPU
		{4CD26A23-9AAD-BC5D-669B-60CEB0A2D545}.Release|Any CPU.ActiveCfg = Release|Any CPU
		{4CD26A23-9AAD-BC5D-669B-60CEB0A2D545}.Release|Any CPU.Build.0 = Release|Any CPU
	EndGlobalSection
	GlobalSection(SolutionProperties) = preSolution
		HideSolutionNode = FALSE
	EndGlobalSection
EndGlobal
